
Microsoft Visual Studio Solution File, Format Version 12.00
# Visual Studio Version 17
VisualStudioVersion = 17.14.36518.9 d17.14
MinimumVisualStudioVersion = 10.0.40219.1
Project("{FAE04EC0-301F-11D3-BF4B-00C04F79EFBC}") = "Mobilprog", "Mobilprog.csproj", "{BFDEDF61-ADBD-41B3-BBA9-A9CABE5FDFCD}"
EndProject
Global
	GlobalSection(SolutionConfigurationPlatforms) = preSolution
		Debug|Any CPU = Debug|Any CPU
		Release|Any CPU = Release|Any CPU
	EndGlobalSection
	GlobalSection(ProjectConfigurationPlatforms) = postSolution
		{BFDEDF61-ADBD-41B3-BBA9-A9CABE5FDFCD}.Debug|Any CPU.ActiveCfg = Debug|Any CPU
		{BFDEDF61-ADBD-41B3-BBA9-A9CABE5FDFCD}.Debug|Any CPU.Build.0 = Debug|Any CPU
		{BFDEDF61-ADBD-41B3-BBA9-A9CABE5FDFCD}.Release|Any CPU.ActiveCfg = Release|Any CPU
		{BFDEDF61-ADBD-41B3-BBA9-A9CABE5FDFCD}.Release|Any CPU.Build.0 = Release|Any CPU
	EndGlobalSection
	GlobalSection(SolutionProperties) = preSolution
		HideSolutionNode = FALSE
	EndGlobalSection
	GlobalSection(ExtensibilityGlobals) = postSolution
		SolutionGuid = {6F489300-414C-4181-AB01-08A493D087FD}
	EndGlobalSection
EndGlobal
